
Microsoft Visual Studio Solution File, Format Version 12.00
# Visual Studio 2012
Project("{FAE04EC0-301F-11D3-BF4B-00C04F79EFBC}") = "Arayuz", "Arayuz\Arayuz.csproj", "{0DCA4A40-62C6-4DF5-89C1-490E01DDC773}"
EndProject
Project("{FAE04EC0-301F-11D3-BF4B-00C04F79EFBC}") = "Baglanti", "Baglanti\Baglanti.csproj", "{11706CA3-C407-4239-A41F-B682B2139A7C}"
EndProject
Project("{FAE04EC0-301F-11D3-BF4B-00C04F79EFBC}") = "BaglantiTest", "BaglantiTest\BaglantiTest.csproj", "{E3344FA7-1ECD-409A-B41E-EE334D384E42}"
EndProject
Global
	GlobalSection(SolutionConfigurationPlatforms) = preSolution
		CD_ROM|Any CPU = CD_ROM|Any CPU
		Debug|Any CPU = Debug|Any CPU
		DVD-5|Any CPU = DVD-5|Any CPU
		Release|Any CPU = Release|Any CPU
		SingleImage|Any CPU = SingleImage|Any CPU
	EndGlobalSection
	GlobalSection(ProjectConfigurationPlatforms) = postSolution
		{0DCA4A40-62C6-4DF5-89C1-490E01DDC773}.CD_ROM|Any CPU.ActiveCfg = Release|Any CPU
		{0DCA4A40-62C6-4DF5-89C1-490E01DDC773}.CD_ROM|Any CPU.Build.0 = Release|Any CPU
		{0DCA4A40-62C6-4DF5-89C1-490E01DDC773}.Debug|Any CPU.ActiveCfg = Debug|Any CPU
		{0DCA4A40-62C6-4DF5-89C1-490E01DDC773}.Debug|Any CPU.Build.0 = Debug|Any CPU
		{0DCA4A40-62C6-4DF5-89C1-490E01DDC773}.DVD-5|Any CPU.ActiveCfg = Debug|Any CPU
		{0DCA4A40-62C6-4DF5-89C1-490E01DDC773}.DVD-5|Any CPU.Build.0 = Debug|Any CPU
		{0DCA4A40-62C6-4DF5-89C1-490E01DDC773}.Release|Any CPU.ActiveCfg = Release|Any CPU
		{0DCA4A40-62C6-4DF5-89C1-490E01DDC773}.Release|Any CPU.Build.0 = Release|Any CPU
		{0DCA4A40-62C6-4DF5-89C1-490E01DDC773}.SingleImage|Any CPU.ActiveCfg = Release|Any CPU
		{0DCA4A40-62C6-4DF5-89C1-490E01DDC773}.SingleImage|Any CPU.Build.0 = Release|Any CPU
		{11706CA3-C407-4239-A41F-B682B2139A7C}.CD_ROM|Any CPU.ActiveCfg = Release|Any CPU
		{11706CA3-C407-4239-A41F-B682B2139A7C}.CD_ROM|Any CPU.Build.0 = Release|Any CPU
		{11706CA3-C407-4239-A41F-B682B2139A7C}.Debug|Any CPU.ActiveCfg = Debug|Any CPU
		{11706CA3-C407-4239-A41F-B682B2139A7C}.Debug|Any CPU.Build.0 = Debug|Any CPU
		{11706CA3-C407-4239-A41F-B682B2139A7C}.DVD-5|Any CPU.ActiveCfg = Debug|Any CPU
		{11706CA3-C407-4239-A41F-B682B2139A7C}.DVD-5|Any CPU.Build.0 = Debug|Any CPU
		{11706CA3-C407-4239-A41F-B682B2139A7C}.Release|Any CPU.ActiveCfg = Release|Any CPU
		{11706CA3-C407-4239-A41F-B682B2139A7C}.Release|Any CPU.Build.0 = Release|Any CPU
		{11706CA3-C407-4239-A41F-B682B2139A7C}.SingleImage|Any CPU.ActiveCfg = Release|Any CPU
		{11706CA3-C407-4239-A41F-B682B2139A7C}.SingleImage|Any CPU.Build.0 = Release|Any CPU
		{E3344FA7-1ECD-409A-B41E-EE334D384E42}.CD_ROM|Any CPU.ActiveCfg = Release|Any CPU
		{E3344FA7-1ECD-409A-B41E-EE334D384E42}.CD_ROM|Any CPU.Build.0 = Release|Any CPU
		{E3344FA7-1ECD-409A-B41E-EE334D384E42}.Debug|Any CPU.ActiveCfg = Debug|Any CPU
		{E3344FA7-1ECD-409A-B41E-EE334D384E42}.Debug|Any CPU.Build.0 = Debug|Any CPU
		{E3344FA7-1ECD-409A-B41E-EE334D384E42}.DVD-5|Any CPU.ActiveCfg = Debug|Any CPU
		{E3344FA7-1ECD-409A-B41E-EE334D384E42}.DVD-5|Any CPU.Build.0 = Debug|Any CPU
		{E3344FA7-1ECD-409A-B41E-EE334D384E42}.Release|Any CPU.ActiveCfg = Release|Any CPU
		{E3344FA7-1ECD-409A-B41E-EE334D384E42}.SingleImage|Any CPU.ActiveCfg = Release|Any CPU
		{E3344FA7-1ECD-409A-B41E-EE334D384E42}.SingleImage|Any CPU.Build.0 = Release|Any CPU
	EndGlobalSection
	GlobalSection(SolutionProperties) = preSolution
		HideSolutionNode = FALSE
	EndGlobalSection
EndGlobal
